// !$*UTF8*$!
{
	archiveVersion = 1;
	classes = {
	};
	objectVersion = 56;
	objects = {

/* Begin PBXBuildFile section */
		4F5AA50F2B3C6663009B2519 /* CommentModel.swift in Sources */ = {isa = PBXBuildFile; fileRef = 4F5AA50E2B3C6663009B2519 /* CommentModel.swift */; };
		4F5AA5112B3C6C64009B2519 /* CommentAPI.swift in Sources */ = {isa = PBXBuildFile; fileRef = 4F5AA5102B3C6C64009B2519 /* CommentAPI.swift */; };
		4F5AA5132B3C6CC0009B2519 /* CommentService.swift in Sources */ = {isa = PBXBuildFile; fileRef = 4F5AA5122B3C6CC0009B2519 /* CommentService.swift */; };
		4F5AA5152B3C6F9D009B2519 /* CommentDetailsViewModel.swift in Sources */ = {isa = PBXBuildFile; fileRef = 4F5AA5142B3C6F9D009B2519 /* CommentDetailsViewModel.swift */; };
		4F5AA5172B3C7154009B2519 /* PostWithCommentsController.swift in Sources */ = {isa = PBXBuildFile; fileRef = 4F5AA5162B3C7154009B2519 /* PostWithCommentsController.swift */; };
		79E008C62B2B59B000B2B305 /* AppDelegate.swift in Sources */ = {isa = PBXBuildFile; fileRef = 79E008C52B2B59B000B2B305 /* AppDelegate.swift */; };
		79E008C82B2B59B000B2B305 /* SceneDelegate.swift in Sources */ = {isa = PBXBuildFile; fileRef = 79E008C72B2B59B000B2B305 /* SceneDelegate.swift */; };
		79E008CD2B2B59B000B2B305 /* Main.storyboard in Resources */ = {isa = PBXBuildFile; fileRef = 79E008CB2B2B59B000B2B305 /* Main.storyboard */; };
		79E008CF2B2B59B100B2B305 /* Assets.xcassets in Resources */ = {isa = PBXBuildFile; fileRef = 79E008CE2B2B59B100B2B305 /* Assets.xcassets */; };
		79E008D22B2B59B100B2B305 /* LaunchScreen.storyboard in Resources */ = {isa = PBXBuildFile; fileRef = 79E008D02B2B59B100B2B305 /* LaunchScreen.storyboard */; };
		79E008DD2B2B611400B2B305 /* PostIdInputController.swift in Sources */ = {isa = PBXBuildFile; fileRef = 79E008DC2B2B611400B2B305 /* PostIdInputController.swift */; };
		79E008DF2B2B619900B2B305 /* PostModel.swift in Sources */ = {isa = PBXBuildFile; fileRef = 79E008DE2B2B619900B2B305 /* PostModel.swift */; };
		79E008E12B2B61E500B2B305 /* PostAPI.swift in Sources */ = {isa = PBXBuildFile; fileRef = 79E008E02B2B61E500B2B305 /* PostAPI.swift */; };
		79E008E32B2B61EC00B2B305 /* PostService.swift in Sources */ = {isa = PBXBuildFile; fileRef = 79E008E22B2B61EC00B2B305 /* PostService.swift */; };
		79E008E62B2B64C900B2B305 /* PostDetailsController.swift in Sources */ = {isa = PBXBuildFile; fileRef = 79E008E52B2B64C900B2B305 /* PostDetailsController.swift */; };
		79E008E82B2B64EE00B2B305 /* PostDetailsViewModel.swift in Sources */ = {isa = PBXBuildFile; fileRef = 79E008E72B2B64EE00B2B305 /* PostDetailsViewModel.swift */; };
/* End PBXBuildFile section */

/* Begin PBXFileReference section */
		4F5AA50E2B3C6663009B2519 /* CommentModel.swift */ = {isa = PBXFileReference; lastKnownFileType = sourcecode.swift; path = CommentModel.swift; sourceTree = "<group>"; };
		4F5AA5102B3C6C64009B2519 /* CommentAPI.swift */ = {isa = PBXFileReference; lastKnownFileType = sourcecode.swift; path = CommentAPI.swift; sourceTree = "<group>"; };
		4F5AA5122B3C6CC0009B2519 /* CommentService.swift */ = {isa = PBXFileReference; lastKnownFileType = sourcecode.swift; path = CommentService.swift; sourceTree = "<group>"; };
		4F5AA5142B3C6F9D009B2519 /* CommentDetailsViewModel.swift */ = {isa = PBXFileReference; lastKnownFileType = sourcecode.swift; path = CommentDetailsViewModel.swift; sourceTree = "<group>"; };
		4F5AA5162B3C7154009B2519 /* PostWithCommentsController.swift */ = {isa = PBXFileReference; lastKnownFileType = sourcecode.swift; path = PostWithCommentsController.swift; sourceTree = "<group>"; };
		79E008C22B2B59B000B2B305 /* HomeworkAPI2.app */ = {isa = PBXFileReference; explicitFileType = wrapper.application; includeInIndex = 0; path = HomeworkAPI2.app; sourceTree = BUILT_PRODUCTS_DIR; };
		79E008C52B2B59B000B2B305 /* AppDelegate.swift */ = {isa = PBXFileReference; lastKnownFileType = sourcecode.swift; path = AppDelegate.swift; sourceTree = "<group>"; };
		79E008C72B2B59B000B2B305 /* SceneDelegate.swift */ = {isa = PBXFileReference; lastKnownFileType = sourcecode.swift; path = SceneDelegate.swift; sourceTree = "<group>"; };
		79E008CC2B2B59B000B2B305 /* Base */ = {isa = PBXFileReference; lastKnownFileType = file.storyboard; name = Base; path = Base.lproj/Main.storyboard; sourceTree = "<group>"; };
		79E008CE2B2B59B100B2B305 /* Assets.xcassets */ = {isa = PBXFileReference; lastKnownFileType = folder.assetcatalog; path = Assets.xcassets; sourceTree = "<group>"; };
		79E008D12B2B59B100B2B305 /* Base */ = {isa = PBXFileReference; lastKnownFileType = file.storyboard; name = Base; path = Base.lproj/LaunchScreen.storyboard; sourceTree = "<group>"; };
		79E008D32B2B59B100B2B305 /* Info.plist */ = {isa = PBXFileReference; lastKnownFileType = text.plist.xml; path = Info.plist; sourceTree = "<group>"; };
		79E008DC2B2B611400B2B305 /* PostIdInputController.swift */ = {isa = PBXFileReference; lastKnownFileType = sourcecode.swift; path = PostIdInputController.swift; sourceTree = "<group>"; };
		79E008DE2B2B619900B2B305 /* PostModel.swift */ = {isa = PBXFileReference; lastKnownFileType = sourcecode.swift; path = PostModel.swift; sourceTree = "<group>"; };
		79E008E02B2B61E500B2B305 /* PostAPI.swift */ = {isa = PBXFileReference; lastKnownFileType = sourcecode.swift; path = PostAPI.swift; sourceTree = "<group>"; };
		79E008E22B2B61EC00B2B305 /* PostService.swift */ = {isa = PBXFileReference; lastKnownFileType = sourcecode.swift; path = PostService.swift; sourceTree = "<group>"; };
		79E008E52B2B64C900B2B305 /* PostDetailsController.swift */ = {isa = PBXFileReference; lastKnownFileType = sourcecode.swift; path = PostDetailsController.swift; sourceTree = "<group>"; };
		79E008E72B2B64EE00B2B305 /* PostDetailsViewModel.swift */ = {isa = PBXFileReference; lastKnownFileType = sourcecode.swift; path = PostDetailsViewModel.swift; sourceTree = "<group>"; };
/* End PBXFileReference section */

/* Begin PBXFrameworksBuildPhase section */
		79E008BF2B2B59B000B2B305 /* Frameworks */ = {
			isa = PBXFrameworksBuildPhase;
			buildActionMask = 2147483647;
			files = (
			);
			runOnlyForDeploymentPostprocessing = 0;
		};
/* End PBXFrameworksBuildPhase section */

/* Begin PBXGroup section */
		79E008B92B2B59B000B2B305 = {
			isa = PBXGroup;
			children = (
				79E008C42B2B59B000B2B305 /* HomeworkAPI2 */,
				79E008C32B2B59B000B2B305 /* Products */,
			);
			sourceTree = "<group>";
		};
		79E008C32B2B59B000B2B305 /* Products */ = {
			isa = PBXGroup;
			children = (
				79E008C22B2B59B000B2B305 /* HomeworkAPI2.app */,
			);
			name = Products;
			sourceTree = "<group>";
		};
		79E008C42B2B59B000B2B305 /* HomeworkAPI2 */ = {
			isa = PBXGroup;
			children = (
				79E008C52B2B59B000B2B305 /* AppDelegate.swift */,
				79E008C72B2B59B000B2B305 /* SceneDelegate.swift */,
				79E008D02B2B59B100B2B305 /* LaunchScreen.storyboard */,
				79E008CE2B2B59B100B2B305 /* Assets.xcassets */,
				79E008D32B2B59B100B2B305 /* Info.plist */,
				79E008DB2B2B60A700B2B305 /* ViewModel */,
				79E008DA2B2B60A300B2B305 /* View */,
				79E008D92B2B609700B2B305 /* Model */,
			);
			path = HomeworkAPI2;
			sourceTree = "<group>";
		};
		79E008D92B2B609700B2B305 /* Model */ = {
			isa = PBXGroup;
			children = (
				79E008E02B2B61E500B2B305 /* PostAPI.swift */,
				79E008E22B2B61EC00B2B305 /* PostService.swift */,
				4F5AA5102B3C6C64009B2519 /* CommentAPI.swift */,
				4F5AA5122B3C6CC0009B2519 /* CommentService.swift */,
				79E008E42B2B61F000B2B305 /* DataModels */,
			);
			path = Model;
			sourceTree = "<group>";
		};
		79E008DA2B2B60A300B2B305 /* View */ = {
			isa = PBXGroup;
			children = (
				79E008CB2B2B59B000B2B305 /* Main.storyboard */,
				79E008DC2B2B611400B2B305 /* PostIdInputController.swift */,
				79E008E52B2B64C900B2B305 /* PostDetailsController.swift */,
				4F5AA5162B3C7154009B2519 /* PostWithCommentsController.swift */,
			);
			path = View;
			sourceTree = "<group>";
		};
		79E008DB2B2B60A700B2B305 /* ViewModel */ = {
			isa = PBXGroup;
			children = (
				79E008E72B2B64EE00B2B305 /* PostDetailsViewModel.swift */,
				4F5AA5142B3C6F9D009B2519 /* CommentDetailsViewModel.swift */,
			);
			path = ViewModel;
			sourceTree = "<group>";
		};
		79E008E42B2B61F000B2B305 /* DataModels */ = {
			isa = PBXGroup;
			children = (
				79E008DE2B2B619900B2B305 /* PostModel.swift */,
				4F5AA50E2B3C6663009B2519 /* CommentModel.swift */,
			);
			path = DataModels;
			sourceTree = "<group>";
		};
/* End PBXGroup section */

/* Begin PBXNativeTarget section */
		79E008C12B2B59B000B2B305 /* HomeworkAPI2 */ = {
			isa = PBXNativeTarget;
			buildConfigurationList = 79E008D62B2B59B100B2B305 /* Build configuration list for PBXNativeTarget "HomeworkAPI2" */;
			buildPhases = (
				79E008BE2B2B59B000B2B305 /* Sources */,
				79E008BF2B2B59B000B2B305 /* Frameworks */,
				79E008C02B2B59B000B2B305 /* Resources */,
			);
			buildRules = (
			);
			dependencies = (
			);
			name = HomeworkAPI2;
			productName = curs14dec_URLSchemes;
			productReference = 79E008C22B2B59B000B2B305 /* HomeworkAPI2.app */;
			productType = "com.apple.product-type.application";
		};
/* End PBXNativeTarget section */

/* Begin PBXProject section */
		79E008BA2B2B59B000B2B305 /* Project object */ = {
			isa = PBXProject;
			attributes = {
				BuildIndependentTargetsInParallel = 1;
				LastSwiftUpdateCheck = 1500;
				LastUpgradeCheck = 1500;
				TargetAttributes = {
					79E008C12B2B59B000B2B305 = {
						CreatedOnToolsVersion = 15.0.1;
					};
				};
			};
			buildConfigurationList = 79E008BD2B2B59B000B2B305 /* Build configuration list for PBXProject "HomeworkAPI2" */;
			compatibilityVersion = "Xcode 14.0";
			developmentRegion = en;
			hasScannedForEncodings = 0;
			knownRegions = (
				en,
				Base,
			);
			mainGroup = 79E008B92B2B59B000B2B305;
			productRefGroup = 79E008C32B2B59B000B2B305 /* Products */;
			projectDirPath = "";
			projectRoot = "";
			targets = (
				79E008C12B2B59B000B2B305 /* HomeworkAPI2 */,
			);
		};
/* End PBXProject section */

/* Begin PBXResourcesBuildPhase section */
		79E008C02B2B59B000B2B305 /* Resources */ = {
			isa = PBXResourcesBuildPhase;
			buildActionMask = 2147483647;
			files = (
				79E008D22B2B59B100B2B305 /* LaunchScreen.storyboard in Resources */,
				79E008CF2B2B59B100B2B305 /* Assets.xcassets in Resources */,
				79E008CD2B2B59B000B2B305 /* Main.storyboard in Resources */,
			);
			runOnlyForDeploymentPostprocessing = 0;
		};
/* End PBXResourcesBuildPhase section */

/* Begin PBXSourcesBuildPhase section */
		79E008BE2B2B59B000B2B305 /* Sources */ = {
			isa = PBXSourcesBuildPhase;
			buildActionMask = 2147483647;
			files = (
				79E008DD2B2B611400B2B305 /* PostIdInputController.swift in Sources */,
				79E008E32B2B61EC00B2B305 /* PostService.swift in Sources */,
				79E008E12B2B61E500B2B305 /* PostAPI.swift in Sources */,
				79E008E62B2B64C900B2B305 /* PostDetailsController.swift in Sources */,
				79E008DF2B2B619900B2B305 /* PostModel.swift in Sources */,
				79E008E82B2B64EE00B2B305 /* PostDetailsViewModel.swift in Sources */,
				79E008C62B2B59B000B2B305 /* AppDelegate.swift in Sources */,
				4F5AA50F2B3C6663009B2519 /* CommentModel.swift in Sources */,
				4F5AA5132B3C6CC0009B2519 /* CommentService.swift in Sources */,
				4F5AA5152B3C6F9D009B2519 /* CommentDetailsViewModel.swift in Sources */,
				4F5AA5172B3C7154009B2519 /* PostWithCommentsController.swift in Sources */,
				4F5AA5112B3C6C64009B2519 /* CommentAPI.swift in Sources */,
				79E008C82B2B59B000B2B305 /* SceneDelegate.swift in Sources */,
			);
			runOnlyForDeploymentPostprocessing = 0;
		};
/* End PBXSourcesBuildPhase section */

/* Begin PBXVariantGroup section */
		79E008CB2B2B59B000B2B305 /* Main.storyboard */ = {
			isa = PBXVariantGroup;
			children = (
				79E008CC2B2B59B000B2B305 /* Base */,
			);
			name = Main.storyboard;
			sourceTree = "<group>";
		};
		79E008D02B2B59B100B2B305 /* LaunchScreen.storyboard */ = {
			isa = PBXVariantGroup;
			children = (
				79E008D12B2B59B100B2B305 /* Base */,
			);
			name = LaunchScreen.storyboard;
			sourceTree = "<group>";
		};
/* End PBXVariantGroup section */

/* Begin XCBuildConfiguration section */
		79E008D42B2B59B100B2B305 /* Debug */ = {
			isa = XCBuildConfiguration;
			buildSettings = {
				ALWAYS_SEARCH_USER_PATHS = NO;
				ASSETCATALOG_COMPILER_GENERATE_SWIFT_ASSET_SYMBOL_EXTENSIONS = YES;
				CLANG_ANALYZER_NONNULL = YES;
				CLANG_ANALYZER_NUMBER_OBJECT_CONVERSION = YES_AGGRESSIVE;
				CLANG_CXX_LANGUAGE_STANDARD = "gnu++20";
				CLANG_ENABLE_MODULES = YES;
				CLANG_ENABLE_OBJC_ARC = YES;
				CLANG_ENABLE_OBJC_WEAK = YES;
				CLANG_WARN_BLOCK_CAPTURE_AUTORELEASING = YES;
				CLANG_WARN_BOOL_CONVERSION = YES;
				CLANG_WARN_COMMA = YES;
				CLANG_WARN_CONSTANT_CONVERSION = YES;
				CLANG_WARN_DEPRECATED_OBJC_IMPLEMENTATIONS = YES;
				CLANG_WARN_DIRECT_OBJC_ISA_USAGE = YES_ERROR;
				CLANG_WARN_DOCUMENTATION_COMMENTS = YES;
				CLANG_WARN_EMPTY_BODY = YES;
				CLANG_WARN_ENUM_CONVERSION = YES;
				CLANG_WARN_INFINITE_RECURSION = YES;
				CLANG_WARN_INT_CONVERSION = YES;
				CLANG_WARN_NON_LITERAL_NULL_CONVERSION = YES;
				CLANG_WARN_OBJC_IMPLICIT_RETAIN_SELF = YES;
				CLANG_WARN_OBJC_LITERAL_CONVERSION = YES;
				CLANG_WARN_OBJC_ROOT_CLASS = YES_ERROR;
				CLANG_WARN_QUOTED_INCLUDE_IN_FRAMEWORK_HEADER = YES;
				CLANG_WARN_RANGE_LOOP_ANALYSIS = YES;
				CLANG_WARN_STRICT_PROTOTYPES = YES;
				CLANG_WARN_SUSPICIOUS_MOVE = YES;
				CLANG_WARN_UNGUARDED_AVAILABILITY = YES_AGGRESSIVE;
				CLANG_WARN_UNREACHABLE_CODE = YES;
				CLANG_WARN__DUPLICATE_METHOD_MATCH = YES;
				COPY_PHASE_STRIP = NO;
				DEBUG_INFORMATION_FORMAT = dwarf;
				ENABLE_STRICT_OBJC_MSGSEND = YES;
				ENABLE_TESTABILITY = YES;
				ENABLE_USER_SCRIPT_SANDBOXING = YES;
				GCC_C_LANGUAGE_STANDARD = gnu17;
				GCC_DYNAMIC_NO_PIC = NO;
				GCC_NO_COMMON_BLOCKS = YES;
				GCC_OPTIMIZATION_LEVEL = 0;
				GCC_PREPROCESSOR_DEFINITIONS = (
					"DEBUG=1",
					"$(inherited)",
				);
				GCC_WARN_64_TO_32_BIT_CONVERSION = YES;
				GCC_WARN_ABOUT_RETURN_TYPE = YES_ERROR;
				GCC_WARN_UNDECLARED_SELECTOR = YES;
				GCC_WARN_UNINITIALIZED_AUTOS = YES_AGGRESSIVE;
				GCC_WARN_UNUSED_FUNCTION = YES;
				GCC_WARN_UNUSED_VARIABLE = YES;
				IPHONEOS_DEPLOYMENT_TARGET = 17.0;
				LOCALIZATION_PREFERS_STRING_CATALOGS = YES;
				MTL_ENABLE_DEBUG_INFO = INCLUDE_SOURCE;
				MTL_FAST_MATH = YES;
				ONLY_ACTIVE_ARCH = YES;
				SDKROOT = iphoneos;
				SWIFT_ACTIVE_COMPILATION_CONDITIONS = "DEBUG $(inherited)";
				SWIFT_OPTIMIZATION_LEVEL = "-Onone";
			};
			name = Debug;
		};
		79E008D52B2B59B100B2B305 /* Release */ = {
			isa = XCBuildConfiguration;
			buildSettings = {
				ALWAYS_SEARCH_USER_PATHS = NO;
				ASSETCATALOG_COMPILER_GENERATE_SWIFT_ASSET_SYMBOL_EXTENSIONS = YES;
				CLANG_ANALYZER_NONNULL = YES;
				CLANG_ANALYZER_NUMBER_OBJECT_CONVERSION = YES_AGGRESSIVE;
				CLANG_CXX_LANGUAGE_STANDARD = "gnu++20";
				CLANG_ENABLE_MODULES = YES;
				CLANG_ENABLE_OBJC_ARC = YES;
				CLANG_ENABLE_OBJC_WEAK = YES;
				CLANG_WARN_BLOCK_CAPTURE_AUTORELEASING = YES;
				CLANG_WARN_BOOL_CONVERSION = YES;
				CLANG_WARN_COMMA = YES;
				CLANG_WARN_CONSTANT_CONVERSION = YES;
				CLANG_WARN_DEPRECATED_OBJC_IMPLEMENTATIONS = YES;
				CLANG_WARN_DIRECT_OBJC_ISA_USAGE = YES_ERROR;
				CLANG_WARN_DOCUMENTATION_COMMENTS = YES;
				CLANG_WARN_EMPTY_BODY = YES;
				CLANG_WARN_ENUM_CONVERSION = YES;
				CLANG_WARN_INFINITE_RECURSION = YES;
				CLANG_WARN_INT_CONVERSION = YES;
				CLANG_WARN_NON_LITERAL_NULL_CONVERSION = YES;
				CLANG_WARN_OBJC_IMPLICIT_RETAIN_SELF = YES;
				CLANG_WARN_OBJC_LITERAL_CONVERSION = YES;
				CLANG_WARN_OBJC_ROOT_CLASS = YES_ERROR;
				CLANG_WARN_QUOTED_INCLUDE_IN_FRAMEWORK_HEADER = YES;
				CLANG_WARN_RANGE_LOOP_ANALYSIS = YES;
				CLANG_WARN_STRICT_PROTOTYPES = YES;
				CLANG_WARN_SUSPICIOUS_MOVE = YES;
				CLANG_WARN_UNGUARDED_AVAILABILITY = YES_AGGRESSIVE;
				CLANG_WARN_UNREACHABLE_CODE = YES;
				CLANG_WARN__DUPLICATE_METHOD_MATCH = YES;
				COPY_PHASE_STRIP = NO;
				DEBUG_INFORMATION_FORMAT = "dwarf-with-dsym";
				ENABLE_NS_ASSERTIONS = NO;
				ENABLE_STRICT_OBJC_MSGSEND = YES;
				ENABLE_USER_SCRIPT_SANDBOXING = YES;
				GCC_C_LANGUAGE_STANDARD = gnu17;
				GCC_NO_COMMON_BLOCKS = YES;
				GCC_WARN_64_TO_32_BIT_CONVERSION = YES;
				GCC_WARN_ABOUT_RETURN_TYPE = YES_ERROR;
				GCC_WARN_UNDECLARED_SELECTOR = YES;
				GCC_WARN_UNINITIALIZED_AUTOS = YES_AGGRESSIVE;
				GCC_WARN_UNUSED_FUNCTION = YES;
				GCC_WARN_UNUSED_VARIABLE = YES;
				IPHONEOS_DEPLOYMENT_TARGET = 17.0;
				LOCALIZATION_PREFERS_STRING_CATALOGS = YES;
				MTL_ENABLE_DEBUG_INFO = NO;
				MTL_FAST_MATH = YES;
				SDKROOT = iphoneos;
				SWIFT_COMPILATION_MODE = wholemodule;
				VALIDATE_PRODUCT = YES;
			};
			name = Release;
		};
		79E008D72B2B59B100B2B305 /* Debug */ = {
			isa = XCBuildConfiguration;
			buildSettings = {
				ASSETCATALOG_COMPILER_APPICON_NAME = AppIcon;
				ASSETCATALOG_COMPILER_GLOBAL_ACCENT_COLOR_NAME = AccentColor;
				CODE_SIGN_STYLE = Automatic;
				CURRENT_PROJECT_VERSION = 1;
				GENERATE_INFOPLIST_FILE = YES;
				INFOPLIST_FILE = HomeworkAPI2/Info.plist;
				INFOPLIST_KEY_UIApplicationSupportsIndirectInputEvents = YES;
				INFOPLIST_KEY_UILaunchStoryboardName = LaunchScreen;
				INFOPLIST_KEY_UIMainStoryboardFile = Main;
				INFOPLIST_KEY_UISupportedInterfaceOrientations_iPad = "UIInterfaceOrientationPortrait UIInterfaceOrientationPortraitUpsideDown UIInterfaceOrientationLandscapeLeft UIInterfaceOrientationLandscapeRight";
				INFOPLIST_KEY_UISupportedInterfaceOrientations_iPhone = "UIInterfaceOrientationPortrait UIInterfaceOrientationLandscapeLeft UIInterfaceOrientationLandscapeRight";
				IPHONEOS_DEPLOYMENT_TARGET = 15.0;
				LD_RUNPATH_SEARCH_PATHS = (
					"$(inherited)",
					"@executable_path/Frameworks",
				);
				MARKETING_VERSION = 1.0;
				PRODUCT_BUNDLE_IDENTIFIER = ro.betfair.HomeworkAPI2;
				PRODUCT_NAME = "$(TARGET_NAME)";
				SWIFT_EMIT_LOC_STRINGS = YES;
				SWIFT_VERSION = 5.0;
				TARGETED_DEVICE_FAMILY = "1,2";
			};
			name = Debug;
		};
		79E008D82B2B59B100B2B305 /* Release */ = {
			isa = XCBuildConfiguration;
			buildSettings = {
				ASSETCATALOG_COMPILER_APPICON_NAME = AppIcon;
				ASSETCATALOG_COMPILER_GLOBAL_ACCENT_COLOR_NAME = AccentColor;
				CODE_SIGN_STYLE = Automatic;
				CURRENT_PROJECT_VERSION = 1;
				GENERATE_INFOPLIST_FILE = YES;
				INFOPLIST_FILE = HomeworkAPI2/Info.plist;
				INFOPLIST_KEY_UIApplicationSupportsIndirectInputEvents = YES;
				INFOPLIST_KEY_UILaunchStoryboardName = LaunchScreen;
				INFOPLIST_KEY_UIMainStoryboardFile = Main;
				INFOPLIST_KEY_UISupportedInterfaceOrientations_iPad = "UIInterfaceOrientationPortrait UIInterfaceOrientationPortraitUpsideDown UIInterfaceOrientationLandscapeLeft UIInterfaceOrientationLandscapeRight";
				INFOPLIST_KEY_UISupportedInterfaceOrientations_iPhone = "UIInterfaceOrientationPortrait UIInterfaceOrientationLandscapeLeft UIInterfaceOrientationLandscapeRight";
				IPHONEOS_DEPLOYMENT_TARGET = 15.0;
				LD_RUNPATH_SEARCH_PATHS = (
					"$(inherited)",
					"@executable_path/Frameworks",
				);
				MARKETING_VERSION = 1.0;
				PRODUCT_BUNDLE_IDENTIFIER = ro.betfair.HomeworkAPI2;
				PRODUCT_NAME = "$(TARGET_NAME)";
				SWIFT_EMIT_LOC_STRINGS = YES;
				SWIFT_VERSION = 5.0;
				TARGETED_DEVICE_FAMILY = "1,2";
			};
			name = Release;
		};
/* End XCBuildConfiguration section */

/* Begin XCConfigurationList section */
		79E008BD2B2B59B000B2B305 /* Build configuration list for PBXProject "HomeworkAPI2" */ = {
			isa = XCConfigurationList;
			buildConfigurations = (
				79E008D42B2B59B100B2B305 /* Debug */,
				79E008D52B2B59B100B2B305 /* Release */,
			);
			defaultConfigurationIsVisible = 0;
			defaultConfigurationName = Release;
		};
		79E008D62B2B59B100B2B305 /* Build configuration list for PBXNativeTarget "HomeworkAPI2" */ = {
			isa = XCConfigurationList;
			buildConfigurations = (
				79E008D72B2B59B100B2B305 /* Debug */,
				79E008D82B2B59B100B2B305 /* Release */,
			);
			defaultConfigurationIsVisible = 0;
			defaultConfigurationName = Release;
		};
/* End XCConfigurationList section */
	};
	rootObject = 79E008BA2B2B59B000B2B305 /* Project object */;
}
